
Microsoft Visual Studio Solution File, Format Version 12.00
Project("{FAE04EC0-301F-11D3-BF4B-00C04F79EFBC}") = "Ef.Seeder", "Ef.Seeder\Ef.Seeder.csproj", "{3B18ACCD-D76D-4C6F-B2B5-4CE9654501B5}"
EndProject
Global
	GlobalSection(SolutionConfigurationPlatforms) = preSolution
		Debug|Any CPU = Debug|Any CPU
		Release|Any CPU = Release|Any CPU
	EndGlobalSection
	GlobalSection(ProjectConfigurationPlatforms) = postSolution
		{3B18ACCD-D76D-4C6F-B2B5-4CE9654501B5}.Debug|Any CPU.ActiveCfg = Debug|Any CPU
		{3B18ACCD-D76D-4C6F-B2B5-4CE9654501B5}.Debug|Any CPU.Build.0 = Debug|Any CPU
		{3B18ACCD-D76D-4C6F-B2B5-4CE9654501B5}.Release|Any CPU.ActiveCfg = Release|Any CPU
		{3B18ACCD-D76D-4C6F-B2B5-4CE9654501B5}.Release|Any CPU.Build.0 = Release|Any CPU
	EndGlobalSection
EndGlobal
